// !$*UTF8*$!
{
	archiveVersion = 1;
	classes = {
	};
	objectVersion = 50;
	objects = {

/* Begin PBXBuildFile section */
		CE4DD4DA2441F32600A14AE5 /* DocumentsDirectory.txt in Resources */ = {isa = PBXBuildFile; fileRef = CE4DD4D92441F32600A14AE5 /* DocumentsDirectory.txt */; };
		CE6C049B243CD362005E79A9 /* AppDelegate.swift in Sources */ = {isa = PBXBuildFile; fileRef = CE6C049A243CD362005E79A9 /* AppDelegate.swift */; };
		CE6C049D243CD362005E79A9 /* SceneDelegate.swift in Sources */ = {isa = PBXBuildFile; fileRef = CE6C049C243CD362005E79A9 /* SceneDelegate.swift */; };
		CE6C049F243CD362005E79A9 /* ViewController.swift in Sources */ = {isa = PBXBuildFile; fileRef = CE6C049E243CD362005E79A9 /* ViewController.swift */; };
		CE6C04A2243CD362005E79A9 /* Main.storyboard in Resources */ = {isa = PBXBuildFile; fileRef = CE6C04A0243CD362005E79A9 /* Main.storyboard */; };
		CE6C04A5243CD362005E79A9 /* AV_Soft_Swift.xcdatamodeld in Sources */ = {isa = PBXBuildFile; fileRef = CE6C04A3243CD362005E79A9 /* AV_Soft_Swift.xcdatamodeld */; };
		CE6C04A7243CD366005E79A9 /* Assets.xcassets in Resources */ = {isa = PBXBuildFile; fileRef = CE6C04A6243CD366005E79A9 /* Assets.xcassets */; };
		CE6C04AA243CD366005E79A9 /* LaunchScreen.storyboard in Resources */ = {isa = PBXBuildFile; fileRef = CE6C04A8243CD366005E79A9 /* LaunchScreen.storyboard */; };
		CE6C04B2243CE04F005E79A9 /* ToolbarViewController.swift in Sources */ = {isa = PBXBuildFile; fileRef = CE6C04B1243CE04F005E79A9 /* ToolbarViewController.swift */; };
		CEC0ADF5243E0724007EBC5B /* EditViewController.swift in Sources */ = {isa = PBXBuildFile; fileRef = CEC0ADF4243E0724007EBC5B /* EditViewController.swift */; };
/* End PBXBuildFile section */

/* Begin PBXFileReference section */
		CE4DD4D92441F32600A14AE5 /* DocumentsDirectory.txt */ = {isa = PBXFileReference; fileEncoding = 4; lastKnownFileType = text; path = DocumentsDirectory.txt; sourceTree = "<group>"; };
		CE6C0497243CD362005E79A9 /* AV_Soft_Swift.app */ = {isa = PBXFileReference; explicitFileType = wrapper.application; includeInIndex = 0; path = AV_Soft_Swift.app; sourceTree = BUILT_PRODUCTS_DIR; };
		CE6C049A243CD362005E79A9 /* AppDelegate.swift */ = {isa = PBXFileReference; lastKnownFileType = sourcecode.swift; path = AppDelegate.swift; sourceTree = "<group>"; };
		CE6C049C243CD362005E79A9 /* SceneDelegate.swift */ = {isa = PBXFileReference; lastKnownFileType = sourcecode.swift; path = SceneDelegate.swift; sourceTree = "<group>"; };
		CE6C049E243CD362005E79A9 /* ViewController.swift */ = {isa = PBXFileReference; lastKnownFileType = sourcecode.swift; path = ViewController.swift; sourceTree = "<group>"; };
		CE6C04A1243CD362005E79A9 /* Base */ = {isa = PBXFileReference; lastKnownFileType = file.storyboard; name = Base; path = Base.lproj/Main.storyboard; sourceTree = "<group>"; };
		CE6C04A4243CD362005E79A9 /* AV_Soft_Swift.xcdatamodel */ = {isa = PBXFileReference; lastKnownFileType = wrapper.xcdatamodel; path = AV_Soft_Swift.xcdatamodel; sourceTree = "<group>"; };
		CE6C04A6243CD366005E79A9 /* Assets.xcassets */ = {isa = PBXFileReference; lastKnownFileType = folder.assetcatalog; path = Assets.xcassets; sourceTree = "<group>"; };
		CE6C04A9243CD366005E79A9 /* Base */ = {isa = PBXFileReference; lastKnownFileType = file.storyboard; name = Base; path = Base.lproj/LaunchScreen.storyboard; sourceTree = "<group>"; };
		CE6C04AB243CD366005E79A9 /* Info.plist */ = {isa = PBXFileReference; lastKnownFileType = text.plist.xml; path = Info.plist; sourceTree = "<group>"; };
		CE6C04B1243CE04F005E79A9 /* ToolbarViewController.swift */ = {isa = PBXFileReference; lastKnownFileType = sourcecode.swift; path = ToolbarViewController.swift; sourceTree = "<group>"; };
		CEC0ADF4243E0724007EBC5B /* EditViewController.swift */ = {isa = PBXFileReference; lastKnownFileType = sourcecode.swift; path = EditViewController.swift; sourceTree = "<group>"; };
/* End PBXFileReference section */

/* Begin PBXFrameworksBuildPhase section */
		CE6C0494243CD362005E79A9 /* Frameworks */ = {
			isa = PBXFrameworksBuildPhase;
			buildActionMask = 2147483647;
			files = (
			);
			runOnlyForDeploymentPostprocessing = 0;
		};
/* End PBXFrameworksBuildPhase section */

/* Begin PBXGroup section */
		CE6C048E243CD362005E79A9 = {
			isa = PBXGroup;
			children = (
				CE6C0499243CD362005E79A9 /* AV_Soft_Swift */,
				CE6C0498243CD362005E79A9 /* Products */,
			);
			sourceTree = "<group>";
		};
		CE6C0498243CD362005E79A9 /* Products */ = {
			isa = PBXGroup;
			children = (
				CE6C0497243CD362005E79A9 /* AV_Soft_Swift.app */,
			);
			name = Products;
			sourceTree = "<group>";
		};
		CE6C0499243CD362005E79A9 /* AV_Soft_Swift */ = {
			isa = PBXGroup;
			children = (
				CE6C049A243CD362005E79A9 /* AppDelegate.swift */,
				CE6C049C243CD362005E79A9 /* SceneDelegate.swift */,
				CE6C049E243CD362005E79A9 /* ViewController.swift */,
				CEC0ADF4243E0724007EBC5B /* EditViewController.swift */,
				CE6C04B1243CE04F005E79A9 /* ToolbarViewController.swift */,
				CE4DD4D92441F32600A14AE5 /* DocumentsDirectory.txt */,
				CE6C04A0243CD362005E79A9 /* Main.storyboard */,
				CE6C04A6243CD366005E79A9 /* Assets.xcassets */,
				CE6C04A8243CD366005E79A9 /* LaunchScreen.storyboard */,
				CE6C04AB243CD366005E79A9 /* Info.plist */,
				CE6C04A3243CD362005E79A9 /* AV_Soft_Swift.xcdatamodeld */,
			);
			path = AV_Soft_Swift;
			sourceTree = "<group>";
		};
/* End PBXGroup section */

/* Begin PBXNativeTarget section */
		CE6C0496243CD362005E79A9 /* AV_Soft_Swift */ = {
			isa = PBXNativeTarget;
			buildConfigurationList = CE6C04AE243CD366005E79A9 /* Build configuration list for PBXNativeTarget "AV_Soft_Swift" */;
			buildPhases = (
				CE6C0493243CD362005E79A9 /* Sources */,
				CE6C0494243CD362005E79A9 /* Frameworks */,
				CE6C0495243CD362005E79A9 /* Resources */,
			);
			buildRules = (
			);
			dependencies = (
			);
			name = AV_Soft_Swift;
			productName = AV_Soft_Swift;
			productReference = CE6C0497243CD362005E79A9 /* AV_Soft_Swift.app */;
			productType = "com.apple.product-type.application";
		};
/* End PBXNativeTarget section */

/* Begin PBXProject section */
		CE6C048F243CD362005E79A9 /* Project object */ = {
			isa = PBXProject;
			attributes = {
				LastSwiftUpdateCheck = 1120;
				LastUpgradeCheck = 1120;
				ORGANIZATIONNAME = Melkozavr;
				TargetAttributes = {
					CE6C0496243CD362005E79A9 = {
						CreatedOnToolsVersion = 11.2.1;
					};
				};
			};
			buildConfigurationList = CE6C0492243CD362005E79A9 /* Build configuration list for PBXProject "AV_Soft_Swift" */;
			compatibilityVersion = "Xcode 9.3";
			developmentRegion = en;
			hasScannedForEncodings = 0;
			knownRegions = (
				en,
				Base,
			);
			mainGroup = CE6C048E243CD362005E79A9;
			productRefGroup = CE6C0498243CD362005E79A9 /* Products */;
			projectDirPath = "";
			projectRoot = "";
			targets = (
				CE6C0496243CD362005E79A9 /* AV_Soft_Swift */,
			);
		};
/* End PBXProject section */

/* Begin PBXResourcesBuildPhase section */
		CE6C0495243CD362005E79A9 /* Resources */ = {
			isa = PBXResourcesBuildPhase;
			buildActionMask = 2147483647;
			files = (
				CE6C04AA243CD366005E79A9 /* LaunchScreen.storyboard in Resources */,
				CE4DD4DA2441F32600A14AE5 /* DocumentsDirectory.txt in Resources */,
				CE6C04A7243CD366005E79A9 /* Assets.xcassets in Resources */,
				CE6C04A2243CD362005E79A9 /* Main.storyboard in Resources */,
			);
			runOnlyForDeploymentPostprocessing = 0;
		};
/* End PBXResourcesBuildPhase section */

/* Begin PBXSourcesBuildPhase section */
		CE6C0493243CD362005E79A9 /* Sources */ = {
			isa = PBXSourcesBuildPhase;
			buildActionMask = 2147483647;
			files = (
				CE6C04A5243CD362005E79A9 /* AV_Soft_Swift.xcdatamodeld in Sources */,
				CE6C049F243CD362005E79A9 /* ViewController.swift in Sources */,
				CEC0ADF5243E0724007EBC5B /* EditViewController.swift in Sources */,
				CE6C049B243CD362005E79A9 /* AppDelegate.swift in Sources */,
				CE6C04B2243CE04F005E79A9 /* ToolbarViewController.swift in Sources */,
				CE6C049D243CD362005E79A9 /* SceneDelegate.swift in Sources */,
			);
			runOnlyForDeploymentPostprocessing = 0;
		};
/* End PBXSourcesBuildPhase section */

/* Begin PBXVariantGroup section */
		CE6C04A0243CD362005E79A9 /* Main.storyboard */ = {
			isa = PBXVariantGroup;
			children = (
				CE6C04A1243CD362005E79A9 /* Base */,
			);
			name = Main.storyboard;
			sourceTree = "<group>";
		};
		CE6C04A8243CD366005E79A9 /* LaunchScreen.storyboard */ = {
			isa = PBXVariantGroup;
			children = (
				CE6C04A9243CD366005E79A9 /* Base */,
			);
			name = LaunchScreen.storyboard;
			sourceTree = "<group>";
		};
/* End PBXVariantGroup section */

/* Begin XCBuildConfiguration section */
		CE6C04AC243CD366005E79A9 /* Debug */ = {
			isa = XCBuildConfiguration;
			buildSettings = {
				ALWAYS_SEARCH_USER_PATHS = NO;
				CLANG_ANALYZER_NONNULL = YES;
				CLANG_ANALYZER_NUMBER_OBJECT_CONVERSION = YES_AGGRESSIVE;
				CLANG_CXX_LANGUAGE_STANDARD = "gnu++14";
				CLANG_CXX_LIBRARY = "libc++";
				CLANG_ENABLE_MODULES = YES;
				CLANG_ENABLE_OBJC_ARC = YES;
				CLANG_ENABLE_OBJC_WEAK = YES;
				CLANG_WARN_BLOCK_CAPTURE_AUTORELEASING = YES;
				CLANG_WARN_BOOL_CONVERSION = YES;
				CLANG_WARN_COMMA = YES;
				CLANG_WARN_CONSTANT_CONVERSION = YES;
				CLANG_WARN_DEPRECATED_OBJC_IMPLEMENTATIONS = YES;
				CLANG_WARN_DIRECT_OBJC_ISA_USAGE = YES_ERROR;
				CLANG_WARN_DOCUMENTATION_COMMENTS = YES;
				CLANG_WARN_EMPTY_BODY = YES;
				CLANG_WARN_ENUM_CONVERSION = YES;
				CLANG_WARN_INFINITE_RECURSION = YES;
				CLANG_WARN_INT_CONVERSION = YES;
				CLANG_WARN_NON_LITERAL_NULL_CONVERSION = YES;
				CLANG_WARN_OBJC_IMPLICIT_RETAIN_SELF = YES;
				CLANG_WARN_OBJC_LITERAL_CONVERSION = YES;
				CLANG_WARN_OBJC_ROOT_CLASS = YES_ERROR;
				CLANG_WARN_RANGE_LOOP_ANALYSIS = YES;
				CLANG_WARN_STRICT_PROTOTYPES = YES;
				CLANG_WARN_SUSPICIOUS_MOVE = YES;
				CLANG_WARN_UNGUARDED_AVAILABILITY = YES_AGGRESSIVE;
				CLANG_WARN_UNREACHABLE_CODE = YES;
				CLANG_WARN__DUPLICATE_METHOD_MATCH = YES;
				COPY_PHASE_STRIP = NO;
				DEBUG_INFORMATION_FORMAT = dwarf;
				ENABLE_STRICT_OBJC_MSGSEND = YES;
				ENABLE_TESTABILITY = YES;
				GCC_C_LANGUAGE_STANDARD = gnu11;
				GCC_DYNAMIC_NO_PIC = NO;
				GCC_NO_COMMON_BLOCKS = YES;
				GCC_OPTIMIZATION_LEVEL = 0;
				GCC_PREPROCESSOR_DEFINITIONS = (
					"DEBUG=1",
					"$(inherited)",
				);
				GCC_WARN_64_TO_32_BIT_CONVERSION = YES;
				GCC_WARN_ABOUT_RETURN_TYPE = YES_ERROR;
				GCC_WARN_UNDECLARED_SELECTOR = YES;
				GCC_WARN_UNINITIALIZED_AUTOS = YES_AGGRESSIVE;
				GCC_WARN_UNUSED_FUNCTION = YES;
				GCC_WARN_UNUSED_VARIABLE = YES;
				IPHONEOS_DEPLOYMENT_TARGET = 13.2;
				MTL_ENABLE_DEBUG_INFO = INCLUDE_SOURCE;
				MTL_FAST_MATH = YES;
				ONLY_ACTIVE_ARCH = YES;
				SDKROOT = iphoneos;
				SWIFT_ACTIVE_COMPILATION_CONDITIONS = DEBUG;
				SWIFT_OPTIMIZATION_LEVEL = "-Onone";
			};
			name = Debug;
		};
		CE6C04AD243CD366005E79A9 /* Release */ = {
			isa = XCBuildConfiguration;
			buildSettings = {
				ALWAYS_SEARCH_USER_PATHS = NO;
				CLANG_ANALYZER_NONNULL = YES;
				CLANG_ANALYZER_NUMBER_OBJECT_CONVERSION = YES_AGGRESSIVE;
				CLANG_CXX_LANGUAGE_STANDARD = "gnu++14";
				CLANG_CXX_LIBRARY = "libc++";
				CLANG_ENABLE_MODULES = YES;
				CLANG_ENABLE_OBJC_ARC = YES;
				CLANG_ENABLE_OBJC_WEAK = YES;
				CLANG_WARN_BLOCK_CAPTURE_AUTORELEASING = YES;
				CLANG_WARN_BOOL_CONVERSION = YES;
				CLANG_WARN_COMMA = YES;
				CLANG_WARN_CONSTANT_CONVERSION = YES;
				CLANG_WARN_DEPRECATED_OBJC_IMPLEMENTATIONS = YES;
				CLANG_WARN_DIRECT_OBJC_ISA_USAGE = YES_ERROR;
				CLANG_WARN_DOCUMENTATION_COMMENTS = YES;
				CLANG_WARN_EMPTY_BODY = YES;
				CLANG_WARN_ENUM_CONVERSION = YES;
				CLANG_WARN_INFINITE_RECURSION = YES;
				CLANG_WARN_INT_CONVERSION = YES;
				CLANG_WARN_NON_LITERAL_NULL_CONVERSION = YES;
				CLANG_WARN_OBJC_IMPLICIT_RETAIN_SELF = YES;
				CLANG_WARN_OBJC_LITERAL_CONVERSION = YES;
				CLANG_WARN_OBJC_ROOT_CLASS = YES_ERROR;
				CLANG_WARN_RANGE_LOOP_ANALYSIS = YES;
				CLANG_WARN_STRICT_PROTOTYPES = YES;
				CLANG_WARN_SUSPICIOUS_MOVE = YES;
				CLANG_WARN_UNGUARDED_AVAILABILITY = YES_AGGRESSIVE;
				CLANG_WARN_UNREACHABLE_CODE = YES;
				CLANG_WARN__DUPLICATE_METHOD_MATCH = YES;
				COPY_PHASE_STRIP = NO;
				DEBUG_INFORMATION_FORMAT = "dwarf-with-dsym";
				ENABLE_NS_ASSERTIONS = NO;
				ENABLE_STRICT_OBJC_MSGSEND = YES;
				GCC_C_LANGUAGE_STANDARD = gnu11;
				GCC_NO_COMMON_BLOCKS = YES;
				GCC_WARN_64_TO_32_BIT_CONVERSION = YES;
				GCC_WARN_ABOUT_RETURN_TYPE = YES_ERROR;
				GCC_WARN_UNDECLARED_SELECTOR = YES;
				GCC_WARN_UNINITIALIZED_AUTOS = YES_AGGRESSIVE;
				GCC_WARN_UNUSED_FUNCTION = YES;
				GCC_WARN_UNUSED_VARIABLE = YES;
				IPHONEOS_DEPLOYMENT_TARGET = 13.2;
				MTL_ENABLE_DEBUG_INFO = NO;
				MTL_FAST_MATH = YES;
				SDKROOT = iphoneos;
				SWIFT_COMPILATION_MODE = wholemodule;
				SWIFT_OPTIMIZATION_LEVEL = "-O";
				VALIDATE_PRODUCT = YES;
			};
			name = Release;
		};
		CE6C04AF243CD366005E79A9 /* Debug */ = {
			isa = XCBuildConfiguration;
			buildSettings = {
				ASSETCATALOG_COMPILER_APPICON_NAME = AppIcon;
				CODE_SIGN_STYLE = Automatic;
				INFOPLIST_FILE = AV_Soft_Swift/Info.plist;
				LD_RUNPATH_SEARCH_PATHS = (
					"$(inherited)",
					"@executable_path/Frameworks",
				);
				PRODUCT_BUNDLE_IDENTIFIER = "melkozavr.AV-Soft-Swift";
				PRODUCT_NAME = "$(TARGET_NAME)";
				SWIFT_VERSION = 5.0;
				TARGETED_DEVICE_FAMILY = "1,2";
			};
			name = Debug;
		};
		CE6C04B0243CD366005E79A9 /* Release */ = {
			isa = XCBuildConfiguration;
			buildSettings = {
				ASSETCATALOG_COMPILER_APPICON_NAME = AppIcon;
				CODE_SIGN_STYLE = Automatic;
				INFOPLIST_FILE = AV_Soft_Swift/Info.plist;
				LD_RUNPATH_SEARCH_PATHS = (
					"$(inherited)",
					"@executable_path/Frameworks",
				);
				PRODUCT_BUNDLE_IDENTIFIER = "melkozavr.AV-Soft-Swift";
				PRODUCT_NAME = "$(TARGET_NAME)";
				SWIFT_VERSION = 5.0;
				TARGETED_DEVICE_FAMILY = "1,2";
			};
			name = Release;
		};
/* End XCBuildConfiguration section */

/* Begin XCConfigurationList section */
		CE6C0492243CD362005E79A9 /* Build configuration list for PBXProject "AV_Soft_Swift" */ = {
			isa = XCConfigurationList;
			buildConfigurations = (
				CE6C04AC243CD366005E79A9 /* Debug */,
				CE6C04AD243CD366005E79A9 /* Release */,
			);
			defaultConfigurationIsVisible = 0;
			defaultConfigurationName = Release;
		};
		CE6C04AE243CD366005E79A9 /* Build configuration list for PBXNativeTarget "AV_Soft_Swift" */ = {
			isa = XCConfigurationList;
			buildConfigurations = (
				CE6C04AF243CD366005E79A9 /* Debug */,
				CE6C04B0243CD366005E79A9 /* Release */,
			);
			defaultConfigurationIsVisible = 0;
			defaultConfigurationName = Release;
		};
/* End XCConfigurationList section */

/* Begin XCVersionGroup section */
		CE6C04A3243CD362005E79A9 /* AV_Soft_Swift.xcdatamodeld */ = {
			isa = XCVersionGroup;
			children = (
				CE6C04A4243CD362005E79A9 /* AV_Soft_Swift.xcdatamodel */,
			);
			currentVersion = CE6C04A4243CD362005E79A9 /* AV_Soft_Swift.xcdatamodel */;
			path = AV_Soft_Swift.xcdatamodeld;
			sourceTree = "<group>";
			versionGroupType = wrapper.xcdatamodel;
		};
/* End XCVersionGroup section */
	};
	rootObject = CE6C048F243CD362005E79A9 /* Project object */;
}
